
Microsoft Visual Studio Solution File, Format Version 12.00
# Visual Studio Version 16
VisualStudioVersion = 16.0.30320.27
MinimumVisualStudioVersion = 10.0.40219.1
Project("{FAE04EC0-301F-11D3-BF4B-00C04F79EFBC}") = "PrismNav.Android", "PrismNav\PrismNav.Android\PrismNav.Android.csproj", "{F5522AB4-0290-42E1-B23D-629483804FC0}"
EndProject
Project("{FAE04EC0-301F-11D3-BF4B-00C04F79EFBC}") = "PrismNav.iOS", "PrismNav\PrismNav.iOS\PrismNav.iOS.csproj", "{79F9993E-B18B-4AE4-8C07-90B9CE17C19B}"
EndProject
Project("{FAE04EC0-301F-11D3-BF4B-00C04F79EFBC}") = "PrismNav", "PrismNav\PrismNav\PrismNav.csproj", "{BD3CDA71-69E6-4871-A6D4-0AE526E5F05E}"
EndProject
Global
	GlobalSection(SolutionConfigurationPlatforms) = preSolution
		Debug|Any CPU = Debug|Any CPU
		Debug|iPhone = Debug|iPhone
		Debug|iPhoneSimulator = Debug|iPhoneSimulator
		Release|Any CPU = Release|Any CPU
		Release|iPhone = Release|iPhone
		Release|iPhoneSimulator = Release|iPhoneSimulator
	EndGlobalSection
	GlobalSection(ProjectConfigurationPlatforms) = postSolution
		{F5522AB4-0290-42E1-B23D-629483804FC0}.Debug|Any CPU.ActiveCfg = Debug|Any CPU
		{F5522AB4-0290-42E1-B23D-629483804FC0}.Debug|Any CPU.Build.0 = Debug|Any CPU
		{F5522AB4-0290-42E1-B23D-629483804FC0}.Debug|Any CPU.Deploy.0 = Debug|Any CPU
		{F5522AB4-0290-42E1-B23D-629483804FC0}.Debug|iPhone.ActiveCfg = Debug|Any CPU
		{F5522AB4-0290-42E1-B23D-629483804FC0}.Debug|iPhone.Build.0 = Debug|Any CPU
		{F5522AB4-0290-42E1-B23D-629483804FC0}.Debug|iPhone.Deploy.0 = Debug|Any CPU
		{F5522AB4-0290-42E1-B23D-629483804FC0}.Debug|iPhoneSimulator.ActiveCfg = Debug|Any CPU
		{F5522AB4-0290-42E1-B23D-629483804FC0}.Debug|iPhoneSimulator.Build.0 = Debug|Any CPU
		{F5522AB4-0290-42E1-B23D-629483804FC0}.Debug|iPhoneSimulator.Deploy.0 = Debug|Any CPU
		{F5522AB4-0290-42E1-B23D-629483804FC0}.Release|Any CPU.ActiveCfg = Release|Any CPU
		{F5522AB4-0290-42E1-B23D-629483804FC0}.Release|Any CPU.Build.0 = Release|Any CPU
		{F5522AB4-0290-42E1-B23D-629483804FC0}.Release|Any CPU.Deploy.0 = Release|Any CPU
		{F5522AB4-0290-42E1-B23D-629483804FC0}.Release|iPhone.ActiveCfg = Release|Any CPU
		{F5522AB4-0290-42E1-B23D-629483804FC0}.Release|iPhone.Build.0 = Release|Any CPU
		{F5522AB4-0290-42E1-B23D-629483804FC0}.Release|iPhone.Deploy.0 = Release|Any CPU
		{F5522AB4-0290-42E1-B23D-629483804FC0}.Release|iPhoneSimulator.ActiveCfg = Release|Any CPU
		{F5522AB4-0290-42E1-B23D-629483804FC0}.Release|iPhoneSimulator.Build.0 = Release|Any CPU
		{F5522AB4-0290-42E1-B23D-629483804FC0}.Release|iPhoneSimulator.Deploy.0 = Release|Any CPU
		{79F9993E-B18B-4AE4-8C07-90B9CE17C19B}.Debug|Any CPU.ActiveCfg = Debug|iPhone
		{79F9993E-B18B-4AE4-8C07-90B9CE17C19B}.Debug|Any CPU.Build.0 = Debug|iPhone
		{79F9993E-B18B-4AE4-8C07-90B9CE17C19B}.Debug|Any CPU.Deploy.0 = Debug|iPhone
		{79F9993E-B18B-4AE4-8C07-90B9CE17C19B}.Debug|iPhone.ActiveCfg = Debug|iPhone
		{79F9993E-B18B-4AE4-8C07-90B9CE17C19B}.Debug|iPhone.Build.0 = Debug|iPhone
		{79F9993E-B18B-4AE4-8C07-90B9CE17C19B}.Debug|iPhone.Deploy.0 = Debug|iPhone
		{79F9993E-B18B-4AE4-8C07-90B9CE17C19B}.Debug|iPhoneSimulator.ActiveCfg = Debug|iPhoneSimulator
		{79F9993E-B18B-4AE4-8C07-90B9CE17C19B}.Debug|iPhoneSimulator.Build.0 = Debug|iPhoneSimulator
		{79F9993E-B18B-4AE4-8C07-90B9CE17C19B}.Debug|iPhoneSimulator.Deploy.0 = Debug|iPhoneSimulator
		{79F9993E-B18B-4AE4-8C07-90B9CE17C19B}.Release|Any CPU.ActiveCfg = Release|iPhone
		{79F9993E-B18B-4AE4-8C07-90B9CE17C19B}.Release|Any CPU.Build.0 = Release|iPhone
		{79F9993E-B18B-4AE4-8C07-90B9CE17C19B}.Release|Any CPU.Deploy.0 = Release|iPhone
		{79F9993E-B18B-4AE4-8C07-90B9CE17C19B}.Release|iPhone.ActiveCfg = Release|iPhone
		{79F9993E-B18B-4AE4-8C07-90B9CE17C19B}.Release|iPhone.Build.0 = Release|iPhone
		{79F9993E-B18B-4AE4-8C07-90B9CE17C19B}.Release|iPhone.Deploy.0 = Release|iPhone
		{79F9993E-B18B-4AE4-8C07-90B9CE17C19B}.Release|iPhoneSimulator.ActiveCfg = Release|iPhoneSimulator
		{79F9993E-B18B-4AE4-8C07-90B9CE17C19B}.Release|iPhoneSimulator.Build.0 = Release|iPhoneSimulator
		{79F9993E-B18B-4AE4-8C07-90B9CE17C19B}.Release|iPhoneSimulator.Deploy.0 = Release|iPhoneSimulator
		{BD3CDA71-69E6-4871-A6D4-0AE526E5F05E}.Debug|Any CPU.ActiveCfg = Debug|Any CPU
		{BD3CDA71-69E6-4871-A6D4-0AE526E5F05E}.Debug|Any CPU.Build.0 = Debug|Any CPU
		{BD3CDA71-69E6-4871-A6D4-0AE526E5F05E}.Debug|Any CPU.Deploy.0 = Debug|Any CPU
		{BD3CDA71-69E6-4871-A6D4-0AE526E5F05E}.Debug|iPhone.ActiveCfg = Debug|Any CPU
		{BD3CDA71-69E6-4871-A6D4-0AE526E5F05E}.Debug|iPhone.Build.0 = Debug|Any CPU
		{BD3CDA71-69E6-4871-A6D4-0AE526E5F05E}.Debug|iPhone.Deploy.0 = Debug|Any CPU
		{BD3CDA71-69E6-4871-A6D4-0AE526E5F05E}.Debug|iPhoneSimulator.ActiveCfg = Debug|Any CPU
		{BD3CDA71-69E6-4871-A6D4-0AE526E5F05E}.Debug|iPhoneSimulator.Build.0 = Debug|Any CPU
		{BD3CDA71-69E6-4871-A6D4-0AE526E5F05E}.Debug|iPhoneSimulator.Deploy.0 = Debug|Any CPU
		{BD3CDA71-69E6-4871-A6D4-0AE526E5F05E}.Release|Any CPU.ActiveCfg = Release|Any CPU
		{BD3CDA71-69E6-4871-A6D4-0AE526E5F05E}.Release|Any CPU.Build.0 = Release|Any CPU
		{BD3CDA71-69E6-4871-A6D4-0AE526E5F05E}.Release|Any CPU.Deploy.0 = Release|Any CPU
		{BD3CDA71-69E6-4871-A6D4-0AE526E5F05E}.Release|iPhone.ActiveCfg = Release|Any CPU
		{BD3CDA71-69E6-4871-A6D4-0AE526E5F05E}.Release|iPhone.Build.0 = Release|Any CPU
		{BD3CDA71-69E6-4871-A6D4-0AE526E5F05E}.Release|iPhone.Deploy.0 = Release|Any CPU
		{BD3CDA71-69E6-4871-A6D4-0AE526E5F05E}.Release|iPhoneSimulator.ActiveCfg = Release|Any CPU
		{BD3CDA71-69E6-4871-A6D4-0AE526E5F05E}.Release|iPhoneSimulator.Build.0 = Release|Any CPU
		{BD3CDA71-69E6-4871-A6D4-0AE526E5F05E}.Release|iPhoneSimulator.Deploy.0 = Release|Any CPU
	EndGlobalSection
	GlobalSection(SolutionProperties) = preSolution
		HideSolutionNode = FALSE
	EndGlobalSection
	GlobalSection(ExtensibilityGlobals) = postSolution
		SolutionGuid = {AA9904A7-89CB-446D-B655-403762EB6BAC}
	EndGlobalSection
EndGlobal
